
Microsoft Visual Studio Solution File, Format Version 12.00
# Visual Studio 14
VisualStudioVersion = 14.0.25420.1
MinimumVisualStudioVersion = 10.0.40219.1
Project("{FAE04EC0-301F-11D3-BF4B-00C04F79EFBC}") = "InverteMatriz.Console", "InverteMatriz\InverteMatriz.Console.csproj", "{6DC1216F-BFAD-4E28-8474-1C572AE28043}"
EndProject
Project("{FAE04EC0-301F-11D3-BF4B-00C04F79EFBC}") = "InverteMatriz.Lib", "InverteMatriz.Lib\InverteMatriz.Lib.csproj", "{BDBBF3B3-A236-4A36-94BD-C9BCB5E866B8}"
EndProject
Global
	GlobalSection(SolutionConfigurationPlatforms) = preSolution
		Debug|Any CPU = Debug|Any CPU
		Release|Any CPU = Release|Any CPU
	EndGlobalSection
	GlobalSection(ProjectConfigurationPlatforms) = postSolution
		{6DC1216F-BFAD-4E28-8474-1C572AE28043}.Debug|Any CPU.ActiveCfg = Debug|Any CPU
		{6DC1216F-BFAD-4E28-8474-1C572AE28043}.Debug|Any CPU.Build.0 = Debug|Any CPU
		{6DC1216F-BFAD-4E28-8474-1C572AE28043}.Release|Any CPU.ActiveCfg = Release|Any CPU
		{6DC1216F-BFAD-4E28-8474-1C572AE28043}.Release|Any CPU.Build.0 = Release|Any CPU
		{BDBBF3B3-A236-4A36-94BD-C9BCB5E866B8}.Debug|Any CPU.ActiveCfg = Debug|Any CPU
		{BDBBF3B3-A236-4A36-94BD-C9BCB5E866B8}.Debug|Any CPU.Build.0 = Debug|Any CPU
		{BDBBF3B3-A236-4A36-94BD-C9BCB5E866B8}.Release|Any CPU.ActiveCfg = Release|Any CPU
		{BDBBF3B3-A236-4A36-94BD-C9BCB5E866B8}.Release|Any CPU.Build.0 = Release|Any CPU
	EndGlobalSection
	GlobalSection(SolutionProperties) = preSolution
		HideSolutionNode = FALSE
	EndGlobalSection
EndGlobal
